
Microsoft Visual Studio Solution File, Format Version 12.00
# Visual Studio Version 16
VisualStudioVersion = 16.0.29920.165
MinimumVisualStudioVersion = 10.0.40219.1
Project("{FAE04EC0-301F-11D3-BF4B-00C04F79EFBC}") = "Nimi13", "Nimi13\Nimi13.csproj", "{82749760-E424-4295-BDB2-9082747BD67F}"
EndProject
Global
	GlobalSection(SolutionConfigurationPlatforms) = preSolution
		Debug|Any CPU = Debug|Any CPU
		Release|Any CPU = Release|Any CPU
	EndGlobalSection
	GlobalSection(ProjectConfigurationPlatforms) = postSolution
		{82749760-E424-4295-BDB2-9082747BD67F}.Debug|Any CPU.ActiveCfg = Debug|Any CPU
		{82749760-E424-4295-BDB2-9082747BD67F}.Debug|Any CPU.Build.0 = Debug|Any CPU
		{82749760-E424-4295-BDB2-9082747BD67F}.Release|Any CPU.ActiveCfg = Release|Any CPU
		{82749760-E424-4295-BDB2-9082747BD67F}.Release|Any CPU.Build.0 = Release|Any CPU
	EndGlobalSection
	GlobalSection(SolutionProperties) = preSolution
		HideSolutionNode = FALSE
	EndGlobalSection
	GlobalSection(ExtensibilityGlobals) = postSolution
		SolutionGuid = {0575EC94-CDE1-4687-8838-2BED46DCB945}
	EndGlobalSection
EndGlobal
